
Microsoft Visual Studio Solution File, Format Version 11.00
# Visual Studio 2010
# SharpDevelop 4.4
Project("{FAE04EC0-301F-11D3-BF4B-00C04F79EFBC}") = "ClipHoard", "ClipHoard.csproj", "{E9B94181-BA13-4C13-8E52-92F7F445C118}"
EndProject
Global
	GlobalSection(SolutionConfigurationPlatforms) = preSolution
		Debug|Any CPU = Debug|Any CPU
		Release|Any CPU = Release|Any CPU
	EndGlobalSection
	GlobalSection(ProjectConfigurationPlatforms) = postSolution
		{E9B94181-BA13-4C13-8E52-92F7F445C118}.Debug|Any CPU.Build.0 = Debug|Any CPU
		{E9B94181-BA13-4C13-8E52-92F7F445C118}.Debug|Any CPU.ActiveCfg = Debug|Any CPU
		{E9B94181-BA13-4C13-8E52-92F7F445C118}.Release|Any CPU.Build.0 = Release|Any CPU
		{E9B94181-BA13-4C13-8E52-92F7F445C118}.Release|Any CPU.ActiveCfg = Release|Any CPU
	EndGlobalSection
EndGlobal
